
Microsoft Visual Studio Solution File, Format Version 12.00
# Visual Studio 15
VisualStudioVersion = 15.0.27130.2003
MinimumVisualStudioVersion = 10.0.40219.1
Project("{8BC9CEB8-8B4A-11D0-8D11-00A0C91BC942}") = "QuantumCommandControl", "QuantumCommandControl\QuantumCommandControl.vcxproj", "{1C0193C3-461B-4480-9509-BDE686410A6D}"
	ProjectSection(ProjectDependencies) = postProject
		{C0D0BA69-4E08-45CB-9048-0B1A6B75A452} = {C0D0BA69-4E08-45CB-9048-0B1A6B75A452}
	EndProjectSection
EndProject
Project("{8BC9CEB8-8B4A-11D0-8D11-00A0C91BC942}") = "QRunesParser", "QRunesParser\QRunesParser.vcxproj", "{C0D0BA69-4E08-45CB-9048-0B1A6B75A452}"
EndProject
Project("{8BC9CEB8-8B4A-11D0-8D11-00A0C91BC942}") = "QuantumInstructionHandle", "QuantumInstructionHandle\QuantumInstructionHandle.vcxproj", "{CE6019F0-CF00-4E02-842E-DD621C027926}"
EndProject
Project("{8BC9CEB8-8B4A-11D0-8D11-00A0C91BC942}") = "QuantumCloudHTTP", "QuantumCloudHTTP\QuantumCloudHTTP.vcxproj", "{FD585478-B722-4B64-B809-601839B2D6F3}"
EndProject
Project("{8BC9CEB8-8B4A-11D0-8D11-00A0C91BC942}") = "QPandaAPI", "QPandaAPI\QPandaAPI.vcxproj", "{FF20AC38-1825-44A7-84E5-530EE5D96A64}"
EndProject
Project("{8BC9CEB8-8B4A-11D0-8D11-00A0C91BC942}") = "ConsoleApplication", "ConsoleApplication\ConsoleApplication.vcxproj", "{101B8C05-3B45-4BC1-9378-AA244BBC1343}"
EndProject
Global
	GlobalSection(SolutionConfigurationPlatforms) = preSolution
		Debug|Mixed Platforms = Debug|Mixed Platforms
		Debug|Win32 = Debug|Win32
		Debug|x64 = Debug|x64
		Release|Mixed Platforms = Release|Mixed Platforms
		Release|Win32 = Release|Win32
		Release|x64 = Release|x64
	EndGlobalSection
	GlobalSection(ProjectConfigurationPlatforms) = postSolution
		{1C0193C3-461B-4480-9509-BDE686410A6D}.Debug|Mixed Platforms.ActiveCfg = Debug|Win32
		{1C0193C3-461B-4480-9509-BDE686410A6D}.Debug|Mixed Platforms.Build.0 = Debug|Win32
		{1C0193C3-461B-4480-9509-BDE686410A6D}.Debug|Win32.ActiveCfg = Debug|Win32
		{1C0193C3-461B-4480-9509-BDE686410A6D}.Debug|Win32.Build.0 = Debug|Win32
		{1C0193C3-461B-4480-9509-BDE686410A6D}.Debug|x64.ActiveCfg = Debug|x64
		{1C0193C3-461B-4480-9509-BDE686410A6D}.Debug|x64.Build.0 = Debug|x64
		{1C0193C3-461B-4480-9509-BDE686410A6D}.Release|Mixed Platforms.ActiveCfg = Release|Win32
		{1C0193C3-461B-4480-9509-BDE686410A6D}.Release|Mixed Platforms.Build.0 = Release|Win32
		{1C0193C3-461B-4480-9509-BDE686410A6D}.Release|Win32.ActiveCfg = Release|Win32
		{1C0193C3-461B-4480-9509-BDE686410A6D}.Release|Win32.Build.0 = Release|Win32
		{1C0193C3-461B-4480-9509-BDE686410A6D}.Release|x64.ActiveCfg = Release|x64
		{1C0193C3-461B-4480-9509-BDE686410A6D}.Release|x64.Build.0 = Release|x64
		{C0D0BA69-4E08-45CB-9048-0B1A6B75A452}.Debug|Mixed Platforms.ActiveCfg = Debug|Win32
		{C0D0BA69-4E08-45CB-9048-0B1A6B75A452}.Debug|Mixed Platforms.Build.0 = Debug|Win32
		{C0D0BA69-4E08-45CB-9048-0B1A6B75A452}.Debug|Mixed Platforms.Deploy.0 = Debug|Win32
		{C0D0BA69-4E08-45CB-9048-0B1A6B75A452}.Debug|Win32.ActiveCfg = Debug|Win32
		{C0D0BA69-4E08-45CB-9048-0B1A6B75A452}.Debug|Win32.Build.0 = Debug|Win32
		{C0D0BA69-4E08-45CB-9048-0B1A6B75A452}.Debug|Win32.Deploy.0 = Debug|Win32
		{C0D0BA69-4E08-45CB-9048-0B1A6B75A452}.Debug|x64.ActiveCfg = Debug|x64
		{C0D0BA69-4E08-45CB-9048-0B1A6B75A452}.Debug|x64.Build.0 = Debug|x64
		{C0D0BA69-4E08-45CB-9048-0B1A6B75A452}.Debug|x64.Deploy.0 = Debug|x64
		{C0D0BA69-4E08-45CB-9048-0B1A6B75A452}.Release|Mixed Platforms.ActiveCfg = Release|Win32
		{C0D0BA69-4E08-45CB-9048-0B1A6B75A452}.Release|Mixed Platforms.Build.0 = Release|Win32
		{C0D0BA69-4E08-45CB-9048-0B1A6B75A452}.Release|Mixed Platforms.Deploy.0 = Release|Win32
		{C0D0BA69-4E08-45CB-9048-0B1A6B75A452}.Release|Win32.ActiveCfg = Release|Win32
		{C0D0BA69-4E08-45CB-9048-0B1A6B75A452}.Release|Win32.Build.0 = Release|Win32
		{C0D0BA69-4E08-45CB-9048-0B1A6B75A452}.Release|Win32.Deploy.0 = Release|Win32
		{C0D0BA69-4E08-45CB-9048-0B1A6B75A452}.Release|x64.ActiveCfg = Release|x64
		{C0D0BA69-4E08-45CB-9048-0B1A6B75A452}.Release|x64.Build.0 = Release|x64
		{C0D0BA69-4E08-45CB-9048-0B1A6B75A452}.Release|x64.Deploy.0 = Release|x64
		{CE6019F0-CF00-4E02-842E-DD621C027926}.Debug|Mixed Platforms.ActiveCfg = Debug|Win32
		{CE6019F0-CF00-4E02-842E-DD621C027926}.Debug|Mixed Platforms.Build.0 = Debug|Win32
		{CE6019F0-CF00-4E02-842E-DD621C027926}.Debug|Mixed Platforms.Deploy.0 = Debug|Win32
		{CE6019F0-CF00-4E02-842E-DD621C027926}.Debug|Win32.ActiveCfg = Debug|Win32
		{CE6019F0-CF00-4E02-842E-DD621C027926}.Debug|Win32.Build.0 = Debug|Win32
		{CE6019F0-CF00-4E02-842E-DD621C027926}.Debug|Win32.Deploy.0 = Debug|Win32
		{CE6019F0-CF00-4E02-842E-DD621C027926}.Debug|x64.ActiveCfg = Debug|x64
		{CE6019F0-CF00-4E02-842E-DD621C027926}.Debug|x64.Build.0 = Debug|x64
		{CE6019F0-CF00-4E02-842E-DD621C027926}.Debug|x64.Deploy.0 = Debug|x64
		{CE6019F0-CF00-4E02-842E-DD621C027926}.Release|Mixed Platforms.ActiveCfg = Release|Win32
		{CE6019F0-CF00-4E02-842E-DD621C027926}.Release|Mixed Platforms.Build.0 = Release|Win32
		{CE6019F0-CF00-4E02-842E-DD621C027926}.Release|Mixed Platforms.Deploy.0 = Release|Win32
		{CE6019F0-CF00-4E02-842E-DD621C027926}.Release|Win32.ActiveCfg = Release|Win32
		{CE6019F0-CF00-4E02-842E-DD621C027926}.Release|Win32.Build.0 = Release|Win32
		{CE6019F0-CF00-4E02-842E-DD621C027926}.Release|Win32.Deploy.0 = Release|Win32
		{CE6019F0-CF00-4E02-842E-DD621C027926}.Release|x64.ActiveCfg = Release|x64
		{CE6019F0-CF00-4E02-842E-DD621C027926}.Release|x64.Build.0 = Release|x64
		{CE6019F0-CF00-4E02-842E-DD621C027926}.Release|x64.Deploy.0 = Release|x64
		{FD585478-B722-4B64-B809-601839B2D6F3}.Debug|Mixed Platforms.ActiveCfg = Debug|Win32
		{FD585478-B722-4B64-B809-601839B2D6F3}.Debug|Mixed Platforms.Build.0 = Debug|Win32
		{FD585478-B722-4B64-B809-601839B2D6F3}.Debug|Win32.ActiveCfg = Debug|Win32
		{FD585478-B722-4B64-B809-601839B2D6F3}.Debug|Win32.Build.0 = Debug|Win32
		{FD585478-B722-4B64-B809-601839B2D6F3}.Debug|x64.ActiveCfg = Debug|x64
		{FD585478-B722-4B64-B809-601839B2D6F3}.Debug|x64.Build.0 = Debug|x64
		{FD585478-B722-4B64-B809-601839B2D6F3}.Release|Mixed Platforms.ActiveCfg = Release|Win32
		{FD585478-B722-4B64-B809-601839B2D6F3}.Release|Mixed Platforms.Build.0 = Release|Win32
		{FD585478-B722-4B64-B809-601839B2D6F3}.Release|Win32.ActiveCfg = Release|Win32
		{FD585478-B722-4B64-B809-601839B2D6F3}.Release|Win32.Build.0 = Release|Win32
		{FD585478-B722-4B64-B809-601839B2D6F3}.Release|x64.ActiveCfg = Release|x64
		{FD585478-B722-4B64-B809-601839B2D6F3}.Release|x64.Build.0 = Release|x64
		{FF20AC38-1825-44A7-84E5-530EE5D96A64}.Debug|Mixed Platforms.ActiveCfg = Debug|Win32
		{FF20AC38-1825-44A7-84E5-530EE5D96A64}.Debug|Mixed Platforms.Build.0 = Debug|Win32
		{FF20AC38-1825-44A7-84E5-530EE5D96A64}.Debug|Win32.ActiveCfg = Debug|Win32
		{FF20AC38-1825-44A7-84E5-530EE5D96A64}.Debug|Win32.Build.0 = Debug|Win32
		{FF20AC38-1825-44A7-84E5-530EE5D96A64}.Debug|x64.ActiveCfg = Debug|x64
		{FF20AC38-1825-44A7-84E5-530EE5D96A64}.Debug|x64.Build.0 = Debug|x64
		{FF20AC38-1825-44A7-84E5-530EE5D96A64}.Release|Mixed Platforms.ActiveCfg = Release|Win32
		{FF20AC38-1825-44A7-84E5-530EE5D96A64}.Release|Mixed Platforms.Build.0 = Release|Win32
		{FF20AC38-1825-44A7-84E5-530EE5D96A64}.Release|Win32.ActiveCfg = Release|Win32
		{FF20AC38-1825-44A7-84E5-530EE5D96A64}.Release|Win32.Build.0 = Release|Win32
		{FF20AC38-1825-44A7-84E5-530EE5D96A64}.Release|x64.ActiveCfg = Release|x64
		{FF20AC38-1825-44A7-84E5-530EE5D96A64}.Release|x64.Build.0 = Release|x64
		{101B8C05-3B45-4BC1-9378-AA244BBC1343}.Debug|Mixed Platforms.ActiveCfg = Debug|Win32
		{101B8C05-3B45-4BC1-9378-AA244BBC1343}.Debug|Mixed Platforms.Build.0 = Debug|Win32
		{101B8C05-3B45-4BC1-9378-AA244BBC1343}.Debug|Win32.ActiveCfg = Debug|Win32
		{101B8C05-3B45-4BC1-9378-AA244BBC1343}.Debug|Win32.Build.0 = Debug|Win32
		{101B8C05-3B45-4BC1-9378-AA244BBC1343}.Debug|x64.ActiveCfg = Debug|x64
		{101B8C05-3B45-4BC1-9378-AA244BBC1343}.Debug|x64.Build.0 = Debug|x64
		{101B8C05-3B45-4BC1-9378-AA244BBC1343}.Release|Mixed Platforms.ActiveCfg = Release|Win32
		{101B8C05-3B45-4BC1-9378-AA244BBC1343}.Release|Mixed Platforms.Build.0 = Release|Win32
		{101B8C05-3B45-4BC1-9378-AA244BBC1343}.Release|Win32.ActiveCfg = Release|Win32
		{101B8C05-3B45-4BC1-9378-AA244BBC1343}.Release|Win32.Build.0 = Release|Win32
		{101B8C05-3B45-4BC1-9378-AA244BBC1343}.Release|x64.ActiveCfg = Release|x64
		{101B8C05-3B45-4BC1-9378-AA244BBC1343}.Release|x64.Build.0 = Release|x64
	EndGlobalSection
	GlobalSection(SolutionProperties) = preSolution
		HideSolutionNode = FALSE
	EndGlobalSection
	GlobalSection(ExtensibilityGlobals) = postSolution
		SolutionGuid = {607D7ED3-50E6-47F5-8B92-51FA68A54723}
	EndGlobalSection
EndGlobal
